
Microsoft Visual Studio Solution File, Format Version 12.00
# Visual Studio Version 17
VisualStudioVersion = 17.4.33110.190
MinimumVisualStudioVersion = 10.0.40219.1
Project("{FAE04EC0-301F-11D3-BF4B-00C04F79EFBC}") = "Atom.VPN.Console", "Atom.VPN.Console\Atom.VPN.Console.csproj", "{49143B73-1B66-4107-B992-3019FA1E3F43}"
EndProject
Project("{FAE04EC0-301F-11D3-BF4B-00C04F79EFBC}") = "Atom.VPN.ConsoleTests", "Atom.VPN.ConsoleTests\Atom.VPN.ConsoleTests.csproj", "{7CF52599-D5C8-4845-81C8-7F464A7825E4}"
EndProject
Global
	GlobalSection(SolutionConfigurationPlatforms) = preSolution
		Debug|Any CPU = Debug|Any CPU
		Release|Any CPU = Release|Any CPU
	EndGlobalSection
	GlobalSection(ProjectConfigurationPlatforms) = postSolution
		{49143B73-1B66-4107-B992-3019FA1E3F43}.Debug|Any CPU.ActiveCfg = Debug|Any CPU
		{49143B73-1B66-4107-B992-3019FA1E3F43}.Debug|Any CPU.Build.0 = Debug|Any CPU
		{49143B73-1B66-4107-B992-3019FA1E3F43}.Release|Any CPU.ActiveCfg = Release|Any CPU
		{49143B73-1B66-4107-B992-3019FA1E3F43}.Release|Any CPU.Build.0 = Release|Any CPU
		{7CF52599-D5C8-4845-81C8-7F464A7825E4}.Debug|Any CPU.ActiveCfg = Debug|Any CPU
		{7CF52599-D5C8-4845-81C8-7F464A7825E4}.Debug|Any CPU.Build.0 = Debug|Any CPU
		{7CF52599-D5C8-4845-81C8-7F464A7825E4}.Release|Any CPU.ActiveCfg = Release|Any CPU
		{7CF52599-D5C8-4845-81C8-7F464A7825E4}.Release|Any CPU.Build.0 = Release|Any CPU
	EndGlobalSection
	GlobalSection(SolutionProperties) = preSolution
		HideSolutionNode = FALSE
	EndGlobalSection
	GlobalSection(ExtensibilityGlobals) = postSolution
		SolutionGuid = {394B62A0-B9F2-4B44-9671-425171B09A04}
	EndGlobalSection
EndGlobal
